# This file is automatically @generated by Cargo.
# It is not intended for manual editing.
[[package]]
name = "allow-wrappers-crate"
version = "0.1.0"
dependencies = [
 "safe-wrapper",
]

[[package]]
name = "dangerous-dep"
version = "0.1.0"

[[package]]
name = "safe-wrapper"
version = "0.1.0"
dependencies = [
 "dangerous-dep",
]
