# This file is automatically @generated by Cargo.
# It is not intended for manual editing.
version = 4

[[package]]
name = "cfg-expr"
version = "0.20.4"
source = "git+https://github.com/EmbarkStudios/cfg-expr#1dd1542bd0e74cd40dd51b284d3f4c501597cf00"
dependencies = [
 "smallvec",
]

[[package]]
name = "cfg-if"
version = "1.0.0"
source = "registry+https://github.com/rust-lang/crates.io-index"
checksum = "baf1de4339761588bc0619e3cbc0120ee582ebb74b53b4efbf79117bd2da40fd"

[[package]]
name = "log"
version = "0.4.14"
source = "registry+https://github.com/rust-lang/crates.io-index"
checksum = "51b9bbe6c47d51fc3e1a9b945965946b4c44142ab8792c50835a980d362c2710"
dependencies = [
 "cfg-if",
]

[[package]]
name = "smallvec"
version = "1.15.1"
source = "registry+https://github.com/rust-lang/crates.io-index"
checksum = "67b1b7a3b5fe4f1376887184045fcf45c69e92af734b7aaddc05fb777b6fbd03"

[[package]]
name = "sources"
version = "0.1.0"
dependencies = [
 "cfg-expr",
 "log",
 "spdx",
]

[[package]]
name = "spdx"
version = "0.13.1"
source = "git+https://github.com/EmbarkStudios/spdx#173f8fd02c29b83e902553b6d11d2e5cd9e2de07"
dependencies = [
 "smallvec",
]
