# This file is automatically @generated by Cargo.
# It is not intended for manual editing.
version = 3

[[package]]
name = "crate-one"
version = "0.1.0"
source = "registry+https://dl.cloudsmith.io/public/embark/deny/cargo/index.git"
checksum = "a12b64b5462f14585186b282beaa160bd9b1bbcce9cf42fcace3ba20dc7ef88d"

[[package]]
name = "crate-two"
version = "0.1.0"
source = "sparse+https://cargo.cloudsmith.io/embark/deny/"
checksum = "d506c511495d1a0ded8cf08599097406a64afdf5b120281f628aa297ce1a0815"

[[package]]
name = "non-crates-io-registry"
version = "0.1.0"
dependencies = [
 "crate-one",
 "crate-two",
]
