# This file is automatically @generated by Cargo.
# It is not intended for manual editing.
version = 3

[[package]]
name = "crate-one"
version = "0.1.0"
source = "registry+https://dl.cloudsmith.io/public/embark/deny/cargo/index.git"
checksum = "a12b64b5462f14585186b282beaa160bd9b1bbcce9cf42fcace3ba20dc7ef88d"

[[package]]
name = "crate-two"
version = "0.2.0"
source = "sparse+https://cargo.cloudsmith.io/embark/deny/"
checksum = "9d84962ff0107e9c8161ea0b5c9bfc9d21862b4f82b9cf5083872a7c6c16d17f"

[[package]]
name = "non-crates-io-registry"
version = "0.1.0"
dependencies = [
 "crate-one",
 "crate-two",
]
