# This file is automatically @generated by Cargo.
# It is not intended for manual editing.
version = 4

[[package]]
name = "direct-default"
version = "0.1.0"
dependencies = [
 "transitive-default",
]

[[package]]
name = "direct-default-features"
version = "0.1.0"
dependencies = [
 "direct-default",
 "transitive-default",
]

[[package]]
name = "transitive-default"
version = "0.1.0"
